
Microsoft Visual Studio Solution File, Format Version 12.00
# Visual Studio 2013
VisualStudioVersion = 12.0.21005.1
MinimumVisualStudioVersion = 10.0.40219.1
Project("{FAE04EC0-301F-11D3-BF4B-00C04F79EFBC}") = "HurtowniaNapojow", "HurtowniaNapojow\HurtowniaNapojow.csproj", "{C2D282DC-1205-4579-B81E-C98658D584F9}"
EndProject
Global
	GlobalSection(SolutionConfigurationPlatforms) = preSolution
		Debug|Any CPU = Debug|Any CPU
		Release|Any CPU = Release|Any CPU
	EndGlobalSection
	GlobalSection(ProjectConfigurationPlatforms) = postSolution
		{C2D282DC-1205-4579-B81E-C98658D584F9}.Debug|Any CPU.ActiveCfg = Debug|Any CPU
		{C2D282DC-1205-4579-B81E-C98658D584F9}.Debug|Any CPU.Build.0 = Debug|Any CPU
		{C2D282DC-1205-4579-B81E-C98658D584F9}.Release|Any CPU.ActiveCfg = Release|Any CPU
		{C2D282DC-1205-4579-B81E-C98658D584F9}.Release|Any CPU.Build.0 = Release|Any CPU
	EndGlobalSection
	GlobalSection(SolutionProperties) = preSolution
		HideSolutionNode = FALSE
	EndGlobalSection
EndGlobal
